{
  "version": 4,
  "terraform_version": "1.2.6",
  "serial": 18,
  "lineage": "b33ca282-a04d-7933-c25a-aceda9e0ba2b",
  "outputs": {
    "db_encryption_status_test_one": {
      "value": true,
      "type": "bool"
    }
  },
  "resources": [
    {
      "mode": "managed",
      "type": "azurerm_mssql_database",
      "name": "test",
      "provider": "provider[\"registry.terraform.io/hashicorp/azurerm\"]",
      "instances": [
        {
          "schema_version": 1,
          "attributes": {
            "auto_pause_delay_in_minutes": 0,
            "collation": "SQL_Latin1_General_CP1_CI_AS",
            "create_mode": "Default",
            "creation_source_database_id": null,
            "elastic_pool_id": "",
            "geo_backup_enabled": true,
            "id": "/subscriptions/55f702f9-17ee-4d42-8da3-3f0bc97c4158/resourceGroups/Zab-Policies-Test/providers/Microsoft.Sql/servers/encrypt-terratest-2/databases/happy-path",
            "ledger_enabled": false,
            "license_type": "",
            "long_term_retention_policy": [],
            "max_size_gb": 245760,
            "min_capacity": 0,
            "name": "happy-path",
            "read_replica_count": 0,
            "read_scale": false,
            "recover_database_id": null,
            "restore_dropped_database_id": null,
            "restore_point_in_time": null,
            "sample_name": null,
            "server_id": "/subscriptions/55f702f9-17ee-4d42-8da3-3f0bc97c4158/resourceGroups/Zab-Policies-Test/providers/Microsoft.Sql/servers/encrypt-terratest-2",
            "short_term_retention_policy": [],
            "sku_name": "DW100c",
            "storage_account_type": "Geo",
            "tags": {
              "aa-app-id": "7415127",
              "aa-app-shortname": "CldGovAuto",
              "aa-costcenter": "0900/1925",
              "aa-sdlc-environment": "test"
            },
            "threat_detection_policy": [
              {
                "disabled_alerts": [],
                "email_account_admins": "Disabled",
                "email_addresses": [],
                "retention_days": 0,
                "state": "Disabled",
                "storage_account_access_key": "",
                "storage_endpoint": ""
              }
            ],
            "timeouts": null,
            "transparent_data_encryption_enabled": true,
            "zone_redundant": false
          },
          "sensitive_attributes": [],
          "private": "eyJlMmJmYjczMC1lY2FhLTExZTYtOGY4OC0zNDM2M2JjN2M0YzAiOnsiY3JlYXRlIjozNjAwMDAwMDAwMDAwLCJkZWxldGUiOjM2MDAwMDAwMDAwMDAsInJlYWQiOjMwMDAwMDAwMDAwMCwidXBkYXRlIjozNjAwMDAwMDAwMDAwfSwic2NoZW1hX3ZlcnNpb24iOiIxIn0="
        }
      ]
    }
  ]
}
